
Microsoft Visual Studio Solution File, Format Version 12.00
# Visual Studio 15
VisualStudioVersion = 15.0.27703.2042
MinimumVisualStudioVersion = 10.0.40219.1
Project("{2150E333-8FDC-42A3-9474-1A3956D46DE8}") = "gpk_android", "gpk_android", "{42E6B8B1-4296-425A-8E9C-895E9573AF5F}"
EndProject
Project("{39E2626F-3545-4960-A6E8-258AD8476CE5}") = "gpk_android.Packaging", "gpk_android\gpk_android.Packaging\gpk_android.Packaging.androidproj", "{CE196C08-9212-4803-AB99-68F9CB6E1F93}"
EndProject
Project("{8BC9CEB8-8B4A-11D0-8D11-00A0C91BC942}") = "gpk_android.NativeActivity", "gpk_android\gpk_android.NativeActivity\gpk_android.NativeActivity.vcxproj", "{F8317BE0-BD51-4B7E-89EC-D8210A404F2B}"
EndProject
Project("{8BC9CEB8-8B4A-11D0-8D11-00A0C91BC942}") = "android_llc", "android_llc\android_llc.vcxproj", "{3ED235AC-E767-4F2D-A41D-5929142463FB}"
EndProject
Project("{8BC9CEB8-8B4A-11D0-8D11-00A0C91BC942}") = "android_gpk", "android_gpk\android_gpk.vcxproj", "{D04FC04F-3293-42A2-AD98-0ECB9FB86900}"
EndProject
Global
	GlobalSection(SolutionConfigurationPlatforms) = preSolution
		Debug|ARM = Debug|ARM
		Debug|ARM64 = Debug|ARM64
		Debug|x64 = Debug|x64
		Debug|x86 = Debug|x86
		Release|ARM = Release|ARM
		Release|ARM64 = Release|ARM64
		Release|x64 = Release|x64
		Release|x86 = Release|x86
	EndGlobalSection
	GlobalSection(ProjectConfigurationPlatforms) = postSolution
		{CE196C08-9212-4803-AB99-68F9CB6E1F93}.Debug|ARM.ActiveCfg = Debug|ARM
		{CE196C08-9212-4803-AB99-68F9CB6E1F93}.Debug|ARM.Build.0 = Debug|ARM
		{CE196C08-9212-4803-AB99-68F9CB6E1F93}.Debug|ARM.Deploy.0 = Debug|ARM
		{CE196C08-9212-4803-AB99-68F9CB6E1F93}.Debug|ARM64.ActiveCfg = Debug|ARM64
		{CE196C08-9212-4803-AB99-68F9CB6E1F93}.Debug|ARM64.Build.0 = Debug|ARM64
		{CE196C08-9212-4803-AB99-68F9CB6E1F93}.Debug|ARM64.Deploy.0 = Debug|ARM64
		{CE196C08-9212-4803-AB99-68F9CB6E1F93}.Debug|x64.ActiveCfg = Debug|x64
		{CE196C08-9212-4803-AB99-68F9CB6E1F93}.Debug|x64.Build.0 = Debug|x64
		{CE196C08-9212-4803-AB99-68F9CB6E1F93}.Debug|x64.Deploy.0 = Debug|x64
		{CE196C08-9212-4803-AB99-68F9CB6E1F93}.Debug|x86.ActiveCfg = Debug|x86
		{CE196C08-9212-4803-AB99-68F9CB6E1F93}.Debug|x86.Build.0 = Debug|x86
		{CE196C08-9212-4803-AB99-68F9CB6E1F93}.Debug|x86.Deploy.0 = Debug|x86
		{CE196C08-9212-4803-AB99-68F9CB6E1F93}.Release|ARM.ActiveCfg = Release|ARM
		{CE196C08-9212-4803-AB99-68F9CB6E1F93}.Release|ARM.Build.0 = Release|ARM
		{CE196C08-9212-4803-AB99-68F9CB6E1F93}.Release|ARM.Deploy.0 = Release|ARM
		{CE196C08-9212-4803-AB99-68F9CB6E1F93}.Release|ARM64.ActiveCfg = Release|ARM64
		{CE196C08-9212-4803-AB99-68F9CB6E1F93}.Release|ARM64.Build.0 = Release|ARM64
		{CE196C08-9212-4803-AB99-68F9CB6E1F93}.Release|ARM64.Deploy.0 = Release|ARM64
		{CE196C08-9212-4803-AB99-68F9CB6E1F93}.Release|x64.ActiveCfg = Release|x64
		{CE196C08-9212-4803-AB99-68F9CB6E1F93}.Release|x64.Build.0 = Release|x64
		{CE196C08-9212-4803-AB99-68F9CB6E1F93}.Release|x64.Deploy.0 = Release|x64
		{CE196C08-9212-4803-AB99-68F9CB6E1F93}.Release|x86.ActiveCfg = Release|x86
		{CE196C08-9212-4803-AB99-68F9CB6E1F93}.Release|x86.Build.0 = Release|x86
		{CE196C08-9212-4803-AB99-68F9CB6E1F93}.Release|x86.Deploy.0 = Release|x86
		{F8317BE0-BD51-4B7E-89EC-D8210A404F2B}.Debug|ARM.ActiveCfg = Debug|ARM
		{F8317BE0-BD51-4B7E-89EC-D8210A404F2B}.Debug|ARM.Build.0 = Debug|ARM
		{F8317BE0-BD51-4B7E-89EC-D8210A404F2B}.Debug|ARM64.ActiveCfg = Debug|ARM64
		{F8317BE0-BD51-4B7E-89EC-D8210A404F2B}.Debug|ARM64.Build.0 = Debug|ARM64
		{F8317BE0-BD51-4B7E-89EC-D8210A404F2B}.Debug|x64.ActiveCfg = Debug|x64
		{F8317BE0-BD51-4B7E-89EC-D8210A404F2B}.Debug|x64.Build.0 = Debug|x64
		{F8317BE0-BD51-4B7E-89EC-D8210A404F2B}.Debug|x86.ActiveCfg = Debug|x86
		{F8317BE0-BD51-4B7E-89EC-D8210A404F2B}.Debug|x86.Build.0 = Debug|x86
		{F8317BE0-BD51-4B7E-89EC-D8210A404F2B}.Release|ARM.ActiveCfg = Release|ARM
		{F8317BE0-BD51-4B7E-89EC-D8210A404F2B}.Release|ARM.Build.0 = Release|ARM
		{F8317BE0-BD51-4B7E-89EC-D8210A404F2B}.Release|ARM64.ActiveCfg = Release|ARM64
		{F8317BE0-BD51-4B7E-89EC-D8210A404F2B}.Release|ARM64.Build.0 = Release|ARM64
		{F8317BE0-BD51-4B7E-89EC-D8210A404F2B}.Release|x64.ActiveCfg = Release|x64
		{F8317BE0-BD51-4B7E-89EC-D8210A404F2B}.Release|x64.Build.0 = Release|x64
		{F8317BE0-BD51-4B7E-89EC-D8210A404F2B}.Release|x86.ActiveCfg = Release|x86
		{F8317BE0-BD51-4B7E-89EC-D8210A404F2B}.Release|x86.Build.0 = Release|x86
		{3ED235AC-E767-4F2D-A41D-5929142463FB}.Debug|ARM.ActiveCfg = Debug|ARM
		{3ED235AC-E767-4F2D-A41D-5929142463FB}.Debug|ARM.Build.0 = Debug|ARM
		{3ED235AC-E767-4F2D-A41D-5929142463FB}.Debug|ARM64.ActiveCfg = Debug|ARM64
		{3ED235AC-E767-4F2D-A41D-5929142463FB}.Debug|ARM64.Build.0 = Debug|ARM64
		{3ED235AC-E767-4F2D-A41D-5929142463FB}.Debug|x64.ActiveCfg = Debug|x64
		{3ED235AC-E767-4F2D-A41D-5929142463FB}.Debug|x64.Build.0 = Debug|x64
		{3ED235AC-E767-4F2D-A41D-5929142463FB}.Debug|x86.ActiveCfg = Debug|x86
		{3ED235AC-E767-4F2D-A41D-5929142463FB}.Debug|x86.Build.0 = Debug|x86
		{3ED235AC-E767-4F2D-A41D-5929142463FB}.Release|ARM.ActiveCfg = Release|ARM
		{3ED235AC-E767-4F2D-A41D-5929142463FB}.Release|ARM.Build.0 = Release|ARM
		{3ED235AC-E767-4F2D-A41D-5929142463FB}.Release|ARM64.ActiveCfg = Release|ARM64
		{3ED235AC-E767-4F2D-A41D-5929142463FB}.Release|ARM64.Build.0 = Release|ARM64
		{3ED235AC-E767-4F2D-A41D-5929142463FB}.Release|x64.ActiveCfg = Release|x64
		{3ED235AC-E767-4F2D-A41D-5929142463FB}.Release|x64.Build.0 = Release|x64
		{3ED235AC-E767-4F2D-A41D-5929142463FB}.Release|x86.ActiveCfg = Release|x86
		{3ED235AC-E767-4F2D-A41D-5929142463FB}.Release|x86.Build.0 = Release|x86
		{D04FC04F-3293-42A2-AD98-0ECB9FB86900}.Debug|ARM.ActiveCfg = Debug|ARM
		{D04FC04F-3293-42A2-AD98-0ECB9FB86900}.Debug|ARM.Build.0 = Debug|ARM
		{D04FC04F-3293-42A2-AD98-0ECB9FB86900}.Debug|ARM64.ActiveCfg = Debug|ARM64
		{D04FC04F-3293-42A2-AD98-0ECB9FB86900}.Debug|ARM64.Build.0 = Debug|ARM64
		{D04FC04F-3293-42A2-AD98-0ECB9FB86900}.Debug|x64.ActiveCfg = Debug|x64
		{D04FC04F-3293-42A2-AD98-0ECB9FB86900}.Debug|x64.Build.0 = Debug|x64
		{D04FC04F-3293-42A2-AD98-0ECB9FB86900}.Debug|x86.ActiveCfg = Debug|x86
		{D04FC04F-3293-42A2-AD98-0ECB9FB86900}.Debug|x86.Build.0 = Debug|x86
		{D04FC04F-3293-42A2-AD98-0ECB9FB86900}.Release|ARM.ActiveCfg = Release|ARM
		{D04FC04F-3293-42A2-AD98-0ECB9FB86900}.Release|ARM.Build.0 = Release|ARM
		{D04FC04F-3293-42A2-AD98-0ECB9FB86900}.Release|ARM64.ActiveCfg = Release|ARM64
		{D04FC04F-3293-42A2-AD98-0ECB9FB86900}.Release|ARM64.Build.0 = Release|ARM64
		{D04FC04F-3293-42A2-AD98-0ECB9FB86900}.Release|x64.ActiveCfg = Release|x64
		{D04FC04F-3293-42A2-AD98-0ECB9FB86900}.Release|x64.Build.0 = Release|x64
		{D04FC04F-3293-42A2-AD98-0ECB9FB86900}.Release|x86.ActiveCfg = Release|x86
		{D04FC04F-3293-42A2-AD98-0ECB9FB86900}.Release|x86.Build.0 = Release|x86
	EndGlobalSection
	GlobalSection(SolutionProperties) = preSolution
		HideSolutionNode = FALSE
	EndGlobalSection
	GlobalSection(NestedProjects) = preSolution
		{CE196C08-9212-4803-AB99-68F9CB6E1F93} = {42E6B8B1-4296-425A-8E9C-895E9573AF5F}
		{F8317BE0-BD51-4B7E-89EC-D8210A404F2B} = {42E6B8B1-4296-425A-8E9C-895E9573AF5F}
	EndGlobalSection
	GlobalSection(ExtensibilityGlobals) = postSolution
		SolutionGuid = {847B0DD9-8A34-4FEF-B88E-4FE7454EAFC7}
	EndGlobalSection
EndGlobal
