
Microsoft Visual Studio Solution File, Format Version 12.00
# Visual Studio 15
VisualStudioVersion = 15.0.27703.2042
MinimumVisualStudioVersion = 10.0.40219.1
Project("{8BC9CEB8-8B4A-11D0-8D11-00A0C91BC942}") = "android_llc", "android_llc\android_llc.vcxproj", "{3ED235AC-E767-4F2D-A41D-5929142463FB}"
EndProject
Project("{8BC9CEB8-8B4A-11D0-8D11-00A0C91BC942}") = "android_gpk", "android_gpk\android_gpk.vcxproj", "{D04FC04F-3293-42A2-AD98-0ECB9FB86900}"
EndProject
Project("{2150E333-8FDC-42A3-9474-1A3956D46DE8}") = "android_grt", "android_grt", "{CD431C27-0A5D-431B-83FC-AE94284EEAC7}"
EndProject
Project("{39E2626F-3545-4960-A6E8-258AD8476CE5}") = "android_grt.Packaging", "android_grt\android_grt.Packaging\android_grt.Packaging.androidproj", "{E9C246B6-E000-4A68-A464-1DF9581240DC}"
EndProject
Project("{8BC9CEB8-8B4A-11D0-8D11-00A0C91BC942}") = "android_grt.NativeActivity", "android_grt\android_grt.NativeActivity\android_grt.NativeActivity.vcxproj", "{68AA0BC9-54FF-4170-9804-604D1EBD5B51}"
	ProjectSection(ProjectDependencies) = postProject
		{D04FC04F-3293-42A2-AD98-0ECB9FB86900} = {D04FC04F-3293-42A2-AD98-0ECB9FB86900}
		{3ED235AC-E767-4F2D-A41D-5929142463FB} = {3ED235AC-E767-4F2D-A41D-5929142463FB}
	EndProjectSection
EndProject
Project("{8BC9CEB8-8B4A-11D0-8D11-00A0C91BC942}") = "android_test_grt_game", "android_test_grt_game\android_test_grt_game.vcxproj", "{404E6DAA-7FEB-42F4-A541-8300AEC8F5C0}"
EndProject
Global
	GlobalSection(SolutionConfigurationPlatforms) = preSolution
		Debug|ARM = Debug|ARM
		Debug|ARM64 = Debug|ARM64
		Debug|x64 = Debug|x64
		Debug|x86 = Debug|x86
		Release|ARM = Release|ARM
		Release|ARM64 = Release|ARM64
		Release|x64 = Release|x64
		Release|x86 = Release|x86
	EndGlobalSection
	GlobalSection(ProjectConfigurationPlatforms) = postSolution
		{3ED235AC-E767-4F2D-A41D-5929142463FB}.Debug|ARM.ActiveCfg = Debug|ARM
		{3ED235AC-E767-4F2D-A41D-5929142463FB}.Debug|ARM.Build.0 = Debug|ARM
		{3ED235AC-E767-4F2D-A41D-5929142463FB}.Debug|ARM64.ActiveCfg = Debug|ARM64
		{3ED235AC-E767-4F2D-A41D-5929142463FB}.Debug|ARM64.Build.0 = Debug|ARM64
		{3ED235AC-E767-4F2D-A41D-5929142463FB}.Debug|x64.ActiveCfg = Debug|x64
		{3ED235AC-E767-4F2D-A41D-5929142463FB}.Debug|x64.Build.0 = Debug|x64
		{3ED235AC-E767-4F2D-A41D-5929142463FB}.Debug|x86.ActiveCfg = Debug|x86
		{3ED235AC-E767-4F2D-A41D-5929142463FB}.Debug|x86.Build.0 = Debug|x86
		{3ED235AC-E767-4F2D-A41D-5929142463FB}.Release|ARM.ActiveCfg = Release|ARM
		{3ED235AC-E767-4F2D-A41D-5929142463FB}.Release|ARM.Build.0 = Release|ARM
		{3ED235AC-E767-4F2D-A41D-5929142463FB}.Release|ARM64.ActiveCfg = Release|ARM64
		{3ED235AC-E767-4F2D-A41D-5929142463FB}.Release|ARM64.Build.0 = Release|ARM64
		{3ED235AC-E767-4F2D-A41D-5929142463FB}.Release|x64.ActiveCfg = Release|x64
		{3ED235AC-E767-4F2D-A41D-5929142463FB}.Release|x64.Build.0 = Release|x64
		{3ED235AC-E767-4F2D-A41D-5929142463FB}.Release|x86.ActiveCfg = Release|x86
		{3ED235AC-E767-4F2D-A41D-5929142463FB}.Release|x86.Build.0 = Release|x86
		{D04FC04F-3293-42A2-AD98-0ECB9FB86900}.Debug|ARM.ActiveCfg = Debug|ARM
		{D04FC04F-3293-42A2-AD98-0ECB9FB86900}.Debug|ARM.Build.0 = Debug|ARM
		{D04FC04F-3293-42A2-AD98-0ECB9FB86900}.Debug|ARM64.ActiveCfg = Debug|ARM64
		{D04FC04F-3293-42A2-AD98-0ECB9FB86900}.Debug|ARM64.Build.0 = Debug|ARM64
		{D04FC04F-3293-42A2-AD98-0ECB9FB86900}.Debug|x64.ActiveCfg = Debug|x64
		{D04FC04F-3293-42A2-AD98-0ECB9FB86900}.Debug|x64.Build.0 = Debug|x64
		{D04FC04F-3293-42A2-AD98-0ECB9FB86900}.Debug|x86.ActiveCfg = Debug|x86
		{D04FC04F-3293-42A2-AD98-0ECB9FB86900}.Debug|x86.Build.0 = Debug|x86
		{D04FC04F-3293-42A2-AD98-0ECB9FB86900}.Release|ARM.ActiveCfg = Release|ARM
		{D04FC04F-3293-42A2-AD98-0ECB9FB86900}.Release|ARM.Build.0 = Release|ARM
		{D04FC04F-3293-42A2-AD98-0ECB9FB86900}.Release|ARM64.ActiveCfg = Release|ARM64
		{D04FC04F-3293-42A2-AD98-0ECB9FB86900}.Release|ARM64.Build.0 = Release|ARM64
		{D04FC04F-3293-42A2-AD98-0ECB9FB86900}.Release|x64.ActiveCfg = Release|x64
		{D04FC04F-3293-42A2-AD98-0ECB9FB86900}.Release|x64.Build.0 = Release|x64
		{D04FC04F-3293-42A2-AD98-0ECB9FB86900}.Release|x86.ActiveCfg = Release|x86
		{D04FC04F-3293-42A2-AD98-0ECB9FB86900}.Release|x86.Build.0 = Release|x86
		{E9C246B6-E000-4A68-A464-1DF9581240DC}.Debug|ARM.ActiveCfg = Debug|ARM
		{E9C246B6-E000-4A68-A464-1DF9581240DC}.Debug|ARM.Build.0 = Debug|ARM
		{E9C246B6-E000-4A68-A464-1DF9581240DC}.Debug|ARM.Deploy.0 = Debug|ARM
		{E9C246B6-E000-4A68-A464-1DF9581240DC}.Debug|ARM64.ActiveCfg = Debug|ARM64
		{E9C246B6-E000-4A68-A464-1DF9581240DC}.Debug|ARM64.Build.0 = Debug|ARM64
		{E9C246B6-E000-4A68-A464-1DF9581240DC}.Debug|ARM64.Deploy.0 = Debug|ARM64
		{E9C246B6-E000-4A68-A464-1DF9581240DC}.Debug|x64.ActiveCfg = Debug|x64
		{E9C246B6-E000-4A68-A464-1DF9581240DC}.Debug|x64.Build.0 = Debug|x64
		{E9C246B6-E000-4A68-A464-1DF9581240DC}.Debug|x64.Deploy.0 = Debug|x64
		{E9C246B6-E000-4A68-A464-1DF9581240DC}.Debug|x86.ActiveCfg = Debug|x86
		{E9C246B6-E000-4A68-A464-1DF9581240DC}.Debug|x86.Build.0 = Debug|x86
		{E9C246B6-E000-4A68-A464-1DF9581240DC}.Debug|x86.Deploy.0 = Debug|x86
		{E9C246B6-E000-4A68-A464-1DF9581240DC}.Release|ARM.ActiveCfg = Release|ARM
		{E9C246B6-E000-4A68-A464-1DF9581240DC}.Release|ARM.Build.0 = Release|ARM
		{E9C246B6-E000-4A68-A464-1DF9581240DC}.Release|ARM.Deploy.0 = Release|ARM
		{E9C246B6-E000-4A68-A464-1DF9581240DC}.Release|ARM64.ActiveCfg = Release|ARM64
		{E9C246B6-E000-4A68-A464-1DF9581240DC}.Release|ARM64.Build.0 = Release|ARM64
		{E9C246B6-E000-4A68-A464-1DF9581240DC}.Release|ARM64.Deploy.0 = Release|ARM64
		{E9C246B6-E000-4A68-A464-1DF9581240DC}.Release|x64.ActiveCfg = Release|x64
		{E9C246B6-E000-4A68-A464-1DF9581240DC}.Release|x64.Build.0 = Release|x64
		{E9C246B6-E000-4A68-A464-1DF9581240DC}.Release|x64.Deploy.0 = Release|x64
		{E9C246B6-E000-4A68-A464-1DF9581240DC}.Release|x86.ActiveCfg = Release|x86
		{E9C246B6-E000-4A68-A464-1DF9581240DC}.Release|x86.Build.0 = Release|x86
		{E9C246B6-E000-4A68-A464-1DF9581240DC}.Release|x86.Deploy.0 = Release|x86
		{68AA0BC9-54FF-4170-9804-604D1EBD5B51}.Debug|ARM.ActiveCfg = Debug|ARM
		{68AA0BC9-54FF-4170-9804-604D1EBD5B51}.Debug|ARM.Build.0 = Debug|ARM
		{68AA0BC9-54FF-4170-9804-604D1EBD5B51}.Debug|ARM64.ActiveCfg = Debug|ARM64
		{68AA0BC9-54FF-4170-9804-604D1EBD5B51}.Debug|ARM64.Build.0 = Debug|ARM64
		{68AA0BC9-54FF-4170-9804-604D1EBD5B51}.Debug|x64.ActiveCfg = Debug|x64
		{68AA0BC9-54FF-4170-9804-604D1EBD5B51}.Debug|x64.Build.0 = Debug|x64
		{68AA0BC9-54FF-4170-9804-604D1EBD5B51}.Debug|x86.ActiveCfg = Debug|x86
		{68AA0BC9-54FF-4170-9804-604D1EBD5B51}.Debug|x86.Build.0 = Debug|x86
		{68AA0BC9-54FF-4170-9804-604D1EBD5B51}.Release|ARM.ActiveCfg = Release|ARM
		{68AA0BC9-54FF-4170-9804-604D1EBD5B51}.Release|ARM.Build.0 = Release|ARM
		{68AA0BC9-54FF-4170-9804-604D1EBD5B51}.Release|ARM64.ActiveCfg = Release|ARM64
		{68AA0BC9-54FF-4170-9804-604D1EBD5B51}.Release|ARM64.Build.0 = Release|ARM64
		{68AA0BC9-54FF-4170-9804-604D1EBD5B51}.Release|x64.ActiveCfg = Release|x64
		{68AA0BC9-54FF-4170-9804-604D1EBD5B51}.Release|x64.Build.0 = Release|x64
		{68AA0BC9-54FF-4170-9804-604D1EBD5B51}.Release|x86.ActiveCfg = Release|x86
		{68AA0BC9-54FF-4170-9804-604D1EBD5B51}.Release|x86.Build.0 = Release|x86
		{404E6DAA-7FEB-42F4-A541-8300AEC8F5C0}.Debug|ARM.ActiveCfg = Debug|ARM
		{404E6DAA-7FEB-42F4-A541-8300AEC8F5C0}.Debug|ARM.Build.0 = Debug|ARM
		{404E6DAA-7FEB-42F4-A541-8300AEC8F5C0}.Debug|ARM64.ActiveCfg = Debug|ARM64
		{404E6DAA-7FEB-42F4-A541-8300AEC8F5C0}.Debug|ARM64.Build.0 = Debug|ARM64
		{404E6DAA-7FEB-42F4-A541-8300AEC8F5C0}.Debug|x64.ActiveCfg = Debug|x64
		{404E6DAA-7FEB-42F4-A541-8300AEC8F5C0}.Debug|x64.Build.0 = Debug|x64
		{404E6DAA-7FEB-42F4-A541-8300AEC8F5C0}.Debug|x86.ActiveCfg = Debug|x86
		{404E6DAA-7FEB-42F4-A541-8300AEC8F5C0}.Debug|x86.Build.0 = Debug|x86
		{404E6DAA-7FEB-42F4-A541-8300AEC8F5C0}.Release|ARM.ActiveCfg = Release|ARM
		{404E6DAA-7FEB-42F4-A541-8300AEC8F5C0}.Release|ARM.Build.0 = Release|ARM
		{404E6DAA-7FEB-42F4-A541-8300AEC8F5C0}.Release|ARM64.ActiveCfg = Release|ARM64
		{404E6DAA-7FEB-42F4-A541-8300AEC8F5C0}.Release|ARM64.Build.0 = Release|ARM64
		{404E6DAA-7FEB-42F4-A541-8300AEC8F5C0}.Release|x64.ActiveCfg = Release|x64
		{404E6DAA-7FEB-42F4-A541-8300AEC8F5C0}.Release|x64.Build.0 = Release|x64
		{404E6DAA-7FEB-42F4-A541-8300AEC8F5C0}.Release|x86.ActiveCfg = Release|x86
		{404E6DAA-7FEB-42F4-A541-8300AEC8F5C0}.Release|x86.Build.0 = Release|x86
	EndGlobalSection
	GlobalSection(SolutionProperties) = preSolution
		HideSolutionNode = FALSE
	EndGlobalSection
	GlobalSection(NestedProjects) = preSolution
		{E9C246B6-E000-4A68-A464-1DF9581240DC} = {CD431C27-0A5D-431B-83FC-AE94284EEAC7}
		{68AA0BC9-54FF-4170-9804-604D1EBD5B51} = {CD431C27-0A5D-431B-83FC-AE94284EEAC7}
	EndGlobalSection
	GlobalSection(ExtensibilityGlobals) = postSolution
		SolutionGuid = {847B0DD9-8A34-4FEF-B88E-4FE7454EAFC7}
	EndGlobalSection
EndGlobal
